
Microsoft Visual Studio Solution File, Format Version 12.00
# Visual Studio Version 17
VisualStudioVersion = 17.14.36623.8
MinimumVisualStudioVersion = 10.0.40219.1
Project("{FAE04EC0-301F-11D3-BF4B-00C04F79EFBC}") = "Recall", "Recall\Recall.csproj", "{E5DB3BD6-6D3B-4E3F-A29E-C0D013EF3946}"
EndProject
Project("{FAE04EC0-301F-11D3-BF4B-00C04F79EFBC}") = "Recall.Tests", "Recall.Tests\Recall.Tests.csproj", "{FC3CF775-2535-4065-B874-7BDEA78DDBFA}"
EndProject
Global
	GlobalSection(SolutionConfigurationPlatforms) = preSolution
		Debug|Any CPU = Debug|Any CPU
		Release|Any CPU = Release|Any CPU
	EndGlobalSection
	GlobalSection(ProjectConfigurationPlatforms) = postSolution
		{E5DB3BD6-6D3B-4E3F-A29E-C0D013EF3946}.Debug|Any CPU.ActiveCfg = Debug|Any CPU
		{E5DB3BD6-6D3B-4E3F-A29E-C0D013EF3946}.Debug|Any CPU.Build.0 = Debug|Any CPU
		{E5DB3BD6-6D3B-4E3F-A29E-C0D013EF3946}.Release|Any CPU.ActiveCfg = Release|Any CPU
		{E5DB3BD6-6D3B-4E3F-A29E-C0D013EF3946}.Release|Any CPU.Build.0 = Release|Any CPU
		{FC3CF775-2535-4065-B874-7BDEA78DDBFA}.Debug|Any CPU.ActiveCfg = Debug|Any CPU
		{FC3CF775-2535-4065-B874-7BDEA78DDBFA}.Debug|Any CPU.Build.0 = Debug|Any CPU
		{FC3CF775-2535-4065-B874-7BDEA78DDBFA}.Release|Any CPU.ActiveCfg = Release|Any CPU
		{FC3CF775-2535-4065-B874-7BDEA78DDBFA}.Release|Any CPU.Build.0 = Release|Any CPU
	EndGlobalSection
	GlobalSection(SolutionProperties) = preSolution
		HideSolutionNode = FALSE
	EndGlobalSection
	GlobalSection(ExtensibilityGlobals) = postSolution
		SolutionGuid = {24B6E7F3-10B8-4E46-B5A3-58DBF0450F66}
	EndGlobalSection
EndGlobal
